
Microsoft Visual Studio Solution File, Format Version 12.00
# Visual Studio Version 17
VisualStudioVersion = 17.5.33424.131
MinimumVisualStudioVersion = 10.0.40219.1
Project("{FAE04EC0-301F-11D3-BF4B-00C04F79EFBC}") = "ConsoleApp17", "ConsoleApp17.csproj", "{B05715AD-9F82-4A37-B56C-03D09C4B6AAB}"
EndProject
Global
	GlobalSection(SolutionConfigurationPlatforms) = preSolution
		Debug|Any CPU = Debug|Any CPU
		Release|Any CPU = Release|Any CPU
	EndGlobalSection
	GlobalSection(ProjectConfigurationPlatforms) = postSolution
		{B05715AD-9F82-4A37-B56C-03D09C4B6AAB}.Debug|Any CPU.ActiveCfg = Debug|Any CPU
		{B05715AD-9F82-4A37-B56C-03D09C4B6AAB}.Debug|Any CPU.Build.0 = Debug|Any CPU
		{B05715AD-9F82-4A37-B56C-03D09C4B6AAB}.Release|Any CPU.ActiveCfg = Release|Any CPU
		{B05715AD-9F82-4A37-B56C-03D09C4B6AAB}.Release|Any CPU.Build.0 = Release|Any CPU
	EndGlobalSection
	GlobalSection(SolutionProperties) = preSolution
		HideSolutionNode = FALSE
	EndGlobalSection
	GlobalSection(ExtensibilityGlobals) = postSolution
		SolutionGuid = {03D3E130-BAFC-44AE-B578-DBF21D45AC11}
	EndGlobalSection
EndGlobal
